{
  "requires": true,
  "lockfileVersion": 1,
  "dependencies": {
    "@babel/runtime": {
      "version": "7.16.3",
      "resolved": "https://registry.npmjs.org/@babel/runtime/-/runtime-7.16.3.tgz",
      "integrity": "sha512-WBwekcqacdY2e9AF/Q7WLFUWmdJGJTkbjqTjoMDgXkVZ3ZRUvOPsLb5KdwISoQVsbP+DQzVZW4Zhci0DvpbNTQ==",
      "requires": {
        "regenerator-runtime": "^0.13.4"
      }
    },
    "i18next-browser-languagedetector": {
      "version": "6.1.2",
      "resolved": "https://registry.npmjs.org/i18next-browser-languagedetector/-/i18next-browser-languagedetector-6.1.2.tgz",
      "integrity": "sha512-YDzIGHhMRvr7M+c8B3EQUKyiMBhfqox4o1qkFvt4QXuu5V2cxf74+NCr+VEkUuU0y+RwcupA238eeolW1Yn80g==",
      "requires": {
        "@babel/runtime": "^7.14.6"
      }
    },
    "regenerator-runtime": {
      "version": "0.13.9",
      "resolved": "https://registry.npmjs.org/regenerator-runtime/-/regenerator-runtime-0.13.9.tgz",
      "integrity": "sha512-p3VT+cOEgxFsRRA9X4lkI1E+k2/CtnKtU4gcxyaCUreilL/vqI6CdZ3wxVUx3UOUg+gnUOQQcRI7BmSI656MYA=="
    }
  }
}
